
Microsoft Visual Studio Solution File, Format Version 12.00
# Visual Studio 14
VisualStudioVersion = 14.0.23107.0
MinimumVisualStudioVersion = 10.0.40219.1
Project("{8BC9CEB8-8B4A-11D0-8D11-00A0C91BC942}") = "VERB-4D", "VERB-4D.vcxproj", "{AFA81359-1701-4147-AD9F-F94E472168DD}"
EndProject
Global
	GlobalSection(SolutionConfigurationPlatforms) = preSolution
		ADI1|Win32 = ADI1|Win32
		Debug|Win32 = Debug|Win32
		Release|Win32 = Release|Win32
	EndGlobalSection
	GlobalSection(ProjectConfigurationPlatforms) = postSolution
		{AFA81359-1701-4147-AD9F-F94E472168DD}.ADI1|Win32.ActiveCfg = ADI1|Win32
		{AFA81359-1701-4147-AD9F-F94E472168DD}.ADI1|Win32.Build.0 = ADI1|Win32
		{AFA81359-1701-4147-AD9F-F94E472168DD}.ADI1|Win32.Deploy.0 = ADI1|Win32
		{AFA81359-1701-4147-AD9F-F94E472168DD}.Debug|Win32.ActiveCfg = Debug|Win32
		{AFA81359-1701-4147-AD9F-F94E472168DD}.Debug|Win32.Build.0 = Debug|Win32
		{AFA81359-1701-4147-AD9F-F94E472168DD}.Release|Win32.ActiveCfg = Release|Win32
		{AFA81359-1701-4147-AD9F-F94E472168DD}.Release|Win32.Build.0 = Release|Win32
	EndGlobalSection
	GlobalSection(SolutionProperties) = preSolution
		HideSolutionNode = FALSE
	EndGlobalSection
EndGlobal
